
Microsoft Visual Studio Solution File, Format Version 12.00
# Visual Studio 2012
Project("{FAE04EC0-301F-11D3-BF4B-00C04F79EFBC}") = "EveWrapper", "EveWrapper\EveWrapper.csproj", "{FC8343F2-3447-44A8-9968-810B34FE5A32}"
EndProject
Project("{FAE04EC0-301F-11D3-BF4B-00C04F79EFBC}") = "EveWrapper.Tests", "EveWrapper.Tests\EveWrapper.Tests.csproj", "{C9AD6755-581F-46FA-A99D-9C0320063C9F}"
EndProject
Project("{FAE04EC0-301F-11D3-BF4B-00C04F79EFBC}") = "Tools", "Tools\Tools.csproj", "{2520A58D-2C7A-49DE-8B2D-03718037881E}"
EndProject
Global
	GlobalSection(SolutionConfigurationPlatforms) = preSolution
		Debug|Any CPU = Debug|Any CPU
		Release|Any CPU = Release|Any CPU
	EndGlobalSection
	GlobalSection(ProjectConfigurationPlatforms) = postSolution
		{FC8343F2-3447-44A8-9968-810B34FE5A32}.Debug|Any CPU.ActiveCfg = Debug|Any CPU
		{FC8343F2-3447-44A8-9968-810B34FE5A32}.Debug|Any CPU.Build.0 = Debug|Any CPU
		{FC8343F2-3447-44A8-9968-810B34FE5A32}.Release|Any CPU.ActiveCfg = Release|Any CPU
		{FC8343F2-3447-44A8-9968-810B34FE5A32}.Release|Any CPU.Build.0 = Release|Any CPU
		{C9AD6755-581F-46FA-A99D-9C0320063C9F}.Debug|Any CPU.ActiveCfg = Debug|Any CPU
		{C9AD6755-581F-46FA-A99D-9C0320063C9F}.Debug|Any CPU.Build.0 = Debug|Any CPU
		{C9AD6755-581F-46FA-A99D-9C0320063C9F}.Release|Any CPU.ActiveCfg = Release|Any CPU
		{C9AD6755-581F-46FA-A99D-9C0320063C9F}.Release|Any CPU.Build.0 = Release|Any CPU
		{2520A58D-2C7A-49DE-8B2D-03718037881E}.Debug|Any CPU.ActiveCfg = Debug|Any CPU
		{2520A58D-2C7A-49DE-8B2D-03718037881E}.Debug|Any CPU.Build.0 = Debug|Any CPU
		{2520A58D-2C7A-49DE-8B2D-03718037881E}.Release|Any CPU.ActiveCfg = Release|Any CPU
		{2520A58D-2C7A-49DE-8B2D-03718037881E}.Release|Any CPU.Build.0 = Release|Any CPU
	EndGlobalSection
EndGlobal
